{
  "nodes": {
    "flake-utils": {
      "locked": {
        "lastModified": 1667395993,
        "narHash": "sha256-nuEHfE/LcWyuSWnS8t12N1wc105Qtau+/OdUAjtQ0rA=",
        "owner": "numtide",
        "repo": "flake-utils",
        "rev": "5aed5285a952e0b949eb3ba02c12fa4fcfef535f",
        "type": "github"
      },
      "original": {
        "owner": "numtide",
        "repo": "flake-utils",
        "type": "github"
      }
    },
    "microvm": {
      "inputs": {
        "flake-utils": "flake-utils",
        "nixpkgs": [
          "nixpkgs"
        ]
      },
      "locked": {
        "lastModified": 1674747738,
        "narHash": "sha256-FSaBkfXiKo6jdvjUx/SJhM/+h+QQIxFu7cCXs8uxZ6Q=",
        "owner": "astro",
        "repo": "microvm.nix",
        "rev": "0a3d48e06b8c04beb3de0a3283bd1ef29fe4a47d",
        "type": "github"
      },
      "original": {
        "owner": "astro",
        "repo": "microvm.nix",
        "type": "github"
      }
    },
    "nixpkgs": {
      "locked": {
        "lastModified": 1674839022,
        "narHash": "sha256-8F1U06t9glkgBC8gBfjoA2eeUb9MYRRp6NMKY3c0VEI=",
        "owner": "NixOS",
        "repo": "nixpkgs",
        "rev": "14b6cf7602c341e525a8fe17ac2349769376515e",
        "type": "github"
      },
      "original": {
        "id": "nixpkgs",
        "type": "indirect"
      }
    },
    "root": {
      "inputs": {
        "microvm": "microvm",
        "nixpkgs": "nixpkgs"
      }
    }
  },
  "root": "root",
  "version": 7
}
