{
  "nodes": {
    "flake-utils": {
      "locked": {
        "lastModified": 1659877975,
        "narHash": "sha256-zllb8aq3YO3h8B/U0/J1WBgAL8EX5yWf5pMj3G0NAmc=",
        "owner": "numtide",
        "repo": "flake-utils",
        "rev": "c0e246b9b83f637f4681389ecabcb2681b4f3af0",
        "type": "github"
      },
      "original": {
        "owner": "numtide",
        "repo": "flake-utils",
        "type": "github"
      }
    },
    "microvm": {
      "inputs": {
        "flake-utils": "flake-utils",
        "nixpkgs": "nixpkgs"
      },
      "locked": {
        "lastModified": 1664832850,
        "narHash": "sha256-0q+bcoZ2BglBnDzQG4d0yw68ani/pZkg4++EZdY9ssI=",
        "owner": "astro",
        "repo": "microvm.nix",
        "rev": "d7bb8188f20bbae0453c2a96a32317c8f626f4dd",
        "type": "github"
      },
      "original": {
        "owner": "astro",
        "repo": "microvm.nix",
        "type": "github"
      }
    },
    "nixpkgs": {
      "locked": {
        "lastModified": 1664281702,
        "narHash": "sha256-haixZ4TJLu1Dciow54wrHrHvlGDVr5sW6MTeAV/ZLuI=",
        "owner": "nixos",
        "repo": "nixpkgs",
        "rev": "7e52b35fe98481a279d89f9c145f8076d049d2b9",
        "type": "github"
      },
      "original": {
        "owner": "nixos",
        "ref": "nixos-unstable",
        "repo": "nixpkgs",
        "type": "github"
      }
    },
    "nixpkgs_2": {
      "locked": {
        "lastModified": 1665948417,
        "narHash": "sha256-vG9Zfd2YTupi79HtsrMMEEpA/EBxvSFh6NOFAnKvUHI=",
        "owner": "NixOS",
        "repo": "nixpkgs",
        "rev": "ec96702d7dbc5d3af40ef1c4d28040ec4a0f11e8",
        "type": "github"
      },
      "original": {
        "id": "nixpkgs",
        "type": "indirect"
      }
    },
    "root": {
      "inputs": {
        "microvm": "microvm",
        "nixpkgs": "nixpkgs_2"
      }
    }
  },
  "root": "root",
  "version": 7
}
